
Microsoft Visual Studio Solution File, Format Version 12.00
# Visual Studio Version 16
VisualStudioVersion = 16.0.29613.14
MinimumVisualStudioVersion = 10.0.40219.1
Project("{FAE04EC0-301F-11D3-BF4B-00C04F79EFBC}") = "NorthwindBackend.Entities", "NorthwindBackend.Entities\NorthwindBackend.Entities.csproj", "{AEECFC93-B2C6-4FF3-8A5F-BF3297EF322B}"
EndProject
Project("{FAE04EC0-301F-11D3-BF4B-00C04F79EFBC}") = "NorthwindBackend.Bussiness", "NorthwindBackend.Bussiness\NorthwindBackend.Bussiness.csproj", "{AAB8E253-4684-4F2F-8A66-68F2995E33F2}"
EndProject
Project("{FAE04EC0-301F-11D3-BF4B-00C04F79EFBC}") = "Core", "Core\Core.csproj", "{62416830-D38D-42AE-A4ED-A7D5A59BECFA}"
EndProject
Project("{FAE04EC0-301F-11D3-BF4B-00C04F79EFBC}") = "NorthwindBackend.DataAccess", "NorthwindBackend.DataAccess\NorthwindBackend.DataAccess.csproj", "{9C9255F4-F5B5-4B66-8368-1A93CF285728}"
EndProject
Project("{FAE04EC0-301F-11D3-BF4B-00C04F79EFBC}") = "NorthwindBackend.WebAPI", "NorthwindBackend.WebAPI\NorthwindBackend.WebAPI.csproj", "{05A25C5D-1E7D-405F-8BBA-C5A23D7C8098}"
EndProject
Global
	GlobalSection(SolutionConfigurationPlatforms) = preSolution
		Debug|Any CPU = Debug|Any CPU
		Release|Any CPU = Release|Any CPU
	EndGlobalSection
	GlobalSection(ProjectConfigurationPlatforms) = postSolution
		{AEECFC93-B2C6-4FF3-8A5F-BF3297EF322B}.Debug|Any CPU.ActiveCfg = Debug|Any CPU
		{AEECFC93-B2C6-4FF3-8A5F-BF3297EF322B}.Debug|Any CPU.Build.0 = Debug|Any CPU
		{AEECFC93-B2C6-4FF3-8A5F-BF3297EF322B}.Release|Any CPU.ActiveCfg = Release|Any CPU
		{AEECFC93-B2C6-4FF3-8A5F-BF3297EF322B}.Release|Any CPU.Build.0 = Release|Any CPU
		{AAB8E253-4684-4F2F-8A66-68F2995E33F2}.Debug|Any CPU.ActiveCfg = Debug|Any CPU
		{AAB8E253-4684-4F2F-8A66-68F2995E33F2}.Debug|Any CPU.Build.0 = Debug|Any CPU
		{AAB8E253-4684-4F2F-8A66-68F2995E33F2}.Release|Any CPU.ActiveCfg = Release|Any CPU
		{AAB8E253-4684-4F2F-8A66-68F2995E33F2}.Release|Any CPU.Build.0 = Release|Any CPU
		{62416830-D38D-42AE-A4ED-A7D5A59BECFA}.Debug|Any CPU.ActiveCfg = Debug|Any CPU
		{62416830-D38D-42AE-A4ED-A7D5A59BECFA}.Debug|Any CPU.Build.0 = Debug|Any CPU
		{62416830-D38D-42AE-A4ED-A7D5A59BECFA}.Release|Any CPU.ActiveCfg = Release|Any CPU
		{62416830-D38D-42AE-A4ED-A7D5A59BECFA}.Release|Any CPU.Build.0 = Release|Any CPU
		{9C9255F4-F5B5-4B66-8368-1A93CF285728}.Debug|Any CPU.ActiveCfg = Debug|Any CPU
		{9C9255F4-F5B5-4B66-8368-1A93CF285728}.Debug|Any CPU.Build.0 = Debug|Any CPU
		{9C9255F4-F5B5-4B66-8368-1A93CF285728}.Release|Any CPU.ActiveCfg = Release|Any CPU
		{9C9255F4-F5B5-4B66-8368-1A93CF285728}.Release|Any CPU.Build.0 = Release|Any CPU
		{05A25C5D-1E7D-405F-8BBA-C5A23D7C8098}.Debug|Any CPU.ActiveCfg = Debug|Any CPU
		{05A25C5D-1E7D-405F-8BBA-C5A23D7C8098}.Debug|Any CPU.Build.0 = Debug|Any CPU
		{05A25C5D-1E7D-405F-8BBA-C5A23D7C8098}.Release|Any CPU.ActiveCfg = Release|Any CPU
		{05A25C5D-1E7D-405F-8BBA-C5A23D7C8098}.Release|Any CPU.Build.0 = Release|Any CPU
	EndGlobalSection
	GlobalSection(SolutionProperties) = preSolution
		HideSolutionNode = FALSE
	EndGlobalSection
	GlobalSection(ExtensibilityGlobals) = postSolution
		SolutionGuid = {AE95999D-2436-437F-ACDB-E156DFA02D0B}
	EndGlobalSection
EndGlobal
